
Microsoft Visual Studio Solution File, Format Version 12.00
Project("{FAE04EC0-301F-11D3-BF4B-00C04F79EFBC}") = "Leviathan", "Engine\Leviathan\Leviathan.csproj", "{498F3F2F-E6F5-4880-8D0F-9CDBF2D0DF60}"
EndProject
Project("{FAE04EC0-301F-11D3-BF4B-00C04F79EFBC}") = "TestApp", "Testing\TestApp\TestApp.csproj", "{2E903914-5FE3-465D-8B71-7B5ACC705401}"
EndProject
Project("{FAE04EC0-301F-11D3-BF4B-00C04F79EFBC}") = "LeviathanTemplateProject", "Testing\LeviathanTemplateProject\LeviathanTemplateProject.csproj", "{20D86F02-ABCC-450A-9A7C-49E64EBE63E4}"
EndProject
Project("{2150E333-8FDC-42A3-9474-1A3956D46DE8}") = "Engine", "Engine", "{403B510A-E5F7-488C-B71E-71566A5C5CA5}"
EndProject
Project("{FAE04EC0-301F-11D3-BF4B-00C04F79EFBC}") = "LeviathanMathematics", "Engine\LeviathanMathematics\LeviathanMathematics.csproj", "{0DFA2A58-C323-4290-9AAF-AFA2C41E2151}"
EndProject
Project("{2150E333-8FDC-42A3-9474-1A3956D46DE8}") = "Testing", "Testing", "{CBF567FD-55E1-4E18-92F8-E93855169FBC}"
EndProject
Project("{FAE04EC0-301F-11D3-BF4B-00C04F79EFBC}") = "LeviathanUI", "Engine\LeviathanUI\LeviathanUI.csproj", "{398792E0-B2BB-4B13-A0B5-8B5BAB1E63A4}"
EndProject
Project("{FAE04EC0-301F-11D3-BF4B-00C04F79EFBC}") = "LeviathanInput", "Engine\LeviathanInput\LeviathanInput.csproj", "{8F8917DC-3729-4B2C-B3EC-8B32FEF68F2B}"
EndProject
Project("{FAE04EC0-301F-11D3-BF4B-00C04F79EFBC}") = "LeviathanPhysics", "Engine\LeviathanPhysics\LeviathanPhysics.csproj", "{10020255-D99C-4355-9ACB-F35F4B52A871}"
EndProject
Global
	GlobalSection(SolutionConfigurationPlatforms) = preSolution
		Debug|Any CPU = Debug|Any CPU
		Release|Any CPU = Release|Any CPU
	EndGlobalSection
	GlobalSection(ProjectConfigurationPlatforms) = postSolution
		{498F3F2F-E6F5-4880-8D0F-9CDBF2D0DF60}.Debug|Any CPU.ActiveCfg = Debug|Any CPU
		{498F3F2F-E6F5-4880-8D0F-9CDBF2D0DF60}.Debug|Any CPU.Build.0 = Debug|Any CPU
		{498F3F2F-E6F5-4880-8D0F-9CDBF2D0DF60}.Release|Any CPU.ActiveCfg = Release|Any CPU
		{498F3F2F-E6F5-4880-8D0F-9CDBF2D0DF60}.Release|Any CPU.Build.0 = Release|Any CPU
		{2E903914-5FE3-465D-8B71-7B5ACC705401}.Debug|Any CPU.ActiveCfg = Debug|Any CPU
		{2E903914-5FE3-465D-8B71-7B5ACC705401}.Debug|Any CPU.Build.0 = Debug|Any CPU
		{2E903914-5FE3-465D-8B71-7B5ACC705401}.Release|Any CPU.ActiveCfg = Release|Any CPU
		{2E903914-5FE3-465D-8B71-7B5ACC705401}.Release|Any CPU.Build.0 = Release|Any CPU
		{20D86F02-ABCC-450A-9A7C-49E64EBE63E4}.Debug|Any CPU.ActiveCfg = Debug|Any CPU
		{20D86F02-ABCC-450A-9A7C-49E64EBE63E4}.Debug|Any CPU.Build.0 = Debug|Any CPU
		{20D86F02-ABCC-450A-9A7C-49E64EBE63E4}.Release|Any CPU.ActiveCfg = Release|Any CPU
		{20D86F02-ABCC-450A-9A7C-49E64EBE63E4}.Release|Any CPU.Build.0 = Release|Any CPU
		{0DFA2A58-C323-4290-9AAF-AFA2C41E2151}.Debug|Any CPU.ActiveCfg = Debug|Any CPU
		{0DFA2A58-C323-4290-9AAF-AFA2C41E2151}.Debug|Any CPU.Build.0 = Debug|Any CPU
		{0DFA2A58-C323-4290-9AAF-AFA2C41E2151}.Release|Any CPU.ActiveCfg = Release|Any CPU
		{0DFA2A58-C323-4290-9AAF-AFA2C41E2151}.Release|Any CPU.Build.0 = Release|Any CPU
		{398792E0-B2BB-4B13-A0B5-8B5BAB1E63A4}.Debug|Any CPU.ActiveCfg = Debug|Any CPU
		{398792E0-B2BB-4B13-A0B5-8B5BAB1E63A4}.Debug|Any CPU.Build.0 = Debug|Any CPU
		{398792E0-B2BB-4B13-A0B5-8B5BAB1E63A4}.Release|Any CPU.ActiveCfg = Release|Any CPU
		{398792E0-B2BB-4B13-A0B5-8B5BAB1E63A4}.Release|Any CPU.Build.0 = Release|Any CPU
		{8F8917DC-3729-4B2C-B3EC-8B32FEF68F2B}.Debug|Any CPU.ActiveCfg = Debug|Any CPU
		{8F8917DC-3729-4B2C-B3EC-8B32FEF68F2B}.Debug|Any CPU.Build.0 = Debug|Any CPU
		{8F8917DC-3729-4B2C-B3EC-8B32FEF68F2B}.Release|Any CPU.ActiveCfg = Release|Any CPU
		{8F8917DC-3729-4B2C-B3EC-8B32FEF68F2B}.Release|Any CPU.Build.0 = Release|Any CPU
		{10020255-D99C-4355-9ACB-F35F4B52A871}.Debug|Any CPU.ActiveCfg = Debug|Any CPU
		{10020255-D99C-4355-9ACB-F35F4B52A871}.Debug|Any CPU.Build.0 = Debug|Any CPU
		{10020255-D99C-4355-9ACB-F35F4B52A871}.Release|Any CPU.ActiveCfg = Release|Any CPU
		{10020255-D99C-4355-9ACB-F35F4B52A871}.Release|Any CPU.Build.0 = Release|Any CPU
	EndGlobalSection
	GlobalSection(NestedProjects) = preSolution
		{498F3F2F-E6F5-4880-8D0F-9CDBF2D0DF60} = {403B510A-E5F7-488C-B71E-71566A5C5CA5}
		{0DFA2A58-C323-4290-9AAF-AFA2C41E2151} = {403B510A-E5F7-488C-B71E-71566A5C5CA5}
		{20D86F02-ABCC-450A-9A7C-49E64EBE63E4} = {CBF567FD-55E1-4E18-92F8-E93855169FBC}
		{2E903914-5FE3-465D-8B71-7B5ACC705401} = {CBF567FD-55E1-4E18-92F8-E93855169FBC}
		{398792E0-B2BB-4B13-A0B5-8B5BAB1E63A4} = {403B510A-E5F7-488C-B71E-71566A5C5CA5}
		{8F8917DC-3729-4B2C-B3EC-8B32FEF68F2B} = {403B510A-E5F7-488C-B71E-71566A5C5CA5}
		{10020255-D99C-4355-9ACB-F35F4B52A871} = {403B510A-E5F7-488C-B71E-71566A5C5CA5}
	EndGlobalSection
EndGlobal
