
Microsoft Visual Studio Solution File, Format Version 12.00
Project("{FAE04EC0-301F-11D3-BF4B-00C04F79EFBC}") = "Leviathan", "Leviathan\Leviathan.csproj", "{498F3F2F-E6F5-4880-8D0F-9CDBF2D0DF60}"
EndProject
Project("{FAE04EC0-301F-11D3-BF4B-00C04F79EFBC}") = "TestApp", "TestApp\TestApp.csproj", "{2E903914-5FE3-465D-8B71-7B5ACC705401}"
EndProject
Global
	GlobalSection(SolutionConfigurationPlatforms) = preSolution
		Debug|Any CPU = Debug|Any CPU
		Release|Any CPU = Release|Any CPU
	EndGlobalSection
	GlobalSection(ProjectConfigurationPlatforms) = postSolution
		{498F3F2F-E6F5-4880-8D0F-9CDBF2D0DF60}.Debug|Any CPU.ActiveCfg = Debug|Any CPU
		{498F3F2F-E6F5-4880-8D0F-9CDBF2D0DF60}.Debug|Any CPU.Build.0 = Debug|Any CPU
		{498F3F2F-E6F5-4880-8D0F-9CDBF2D0DF60}.Release|Any CPU.ActiveCfg = Release|Any CPU
		{498F3F2F-E6F5-4880-8D0F-9CDBF2D0DF60}.Release|Any CPU.Build.0 = Release|Any CPU
		{2E903914-5FE3-465D-8B71-7B5ACC705401}.Debug|Any CPU.ActiveCfg = Debug|Any CPU
		{2E903914-5FE3-465D-8B71-7B5ACC705401}.Debug|Any CPU.Build.0 = Debug|Any CPU
		{2E903914-5FE3-465D-8B71-7B5ACC705401}.Release|Any CPU.ActiveCfg = Release|Any CPU
		{2E903914-5FE3-465D-8B71-7B5ACC705401}.Release|Any CPU.Build.0 = Release|Any CPU
	EndGlobalSection
EndGlobal
