<?xml version="1.0" encoding="utf-8"?>
<Project ToolsVersion="4.0" xmlns="http://schemas.microsoft.com/developer/msbuild/2003">
  <ItemGroup>
    <Filter Include="Source">
      <UniqueIdentifier>{65fe96c2-4d40-4aa1-8176-19c083d94b62}</UniqueIdentifier>
    </Filter>
    <Filter Include="Include">
      <UniqueIdentifier>{a63979ea-fad5-433d-b0b8-5ca7865f5234}</UniqueIdentifier>
    </Filter>
  </ItemGroup>
  <ItemGroup>
    <ClCompile Include="mat3.cpp">
      <Filter>Source</Filter>
    </ClCompile>
    <ClCompile Include="Mat4.cpp">
      <Filter>Source</Filter>
    </ClCompile>
    <ClCompile Include="vec2.cpp">
      <Filter>Source</Filter>
    </ClCompile>
    <ClCompile Include="vec3.cpp">
      <Filter>Source</Filter>
    </ClCompile>
    <ClCompile Include="vec4.cpp">
      <Filter>Source</Filter>
    </ClCompile>
    <ClCompile Include="leviamath.cpp">
      <Filter>Source</Filter>
    </ClCompile>
    <ClCompile Include="Color32.cpp">
      <Filter>Source</Filter>
    </ClCompile>
  </ItemGroup>
  <ItemGroup>
    <ClInclude Include="..\..\Dependencies\include\Leviathan\Math\Color32.h">
      <Filter>Include</Filter>
    </ClInclude>
    <ClInclude Include="..\..\Dependencies\include\Leviathan\Math\Leviamath.h">
      <Filter>Include</Filter>
    </ClInclude>
    <ClInclude Include="..\..\Dependencies\include\Leviathan\Math\Mat3.h">
      <Filter>Include</Filter>
    </ClInclude>
    <ClInclude Include="..\..\Dependencies\include\Leviathan\Math\Mat4.h">
      <Filter>Include</Filter>
    </ClInclude>
    <ClInclude Include="..\..\Dependencies\include\Leviathan\Math\Vec2.h">
      <Filter>Include</Filter>
    </ClInclude>
    <ClInclude Include="..\..\Dependencies\include\Leviathan\Math\Vec3.h">
      <Filter>Include</Filter>
    </ClInclude>
    <ClInclude Include="..\..\Dependencies\include\Leviathan\Math\Vec4.h">
      <Filter>Include</Filter>
    </ClInclude>
  </ItemGroup>
  <ItemGroup>
    <None Include="packages.config" />
  </ItemGroup>
</Project>