<?xml version="1.0" encoding="utf-8"?>
<Project ToolsVersion="4.0" xmlns="http://schemas.microsoft.com/developer/msbuild/2003">
  <ItemGroup>
    <Filter Include="Source">
      <UniqueIdentifier>{44cb22bc-4b74-489b-b7b5-acd5edde8526}</UniqueIdentifier>
    </Filter>
    <Filter Include="Source\GameObjects">
      <UniqueIdentifier>{d1e8a0bc-29ef-44cd-b7ae-96b9034c7d34}</UniqueIdentifier>
    </Filter>
    <Filter Include="Source\GameStates">
      <UniqueIdentifier>{d7da4a52-3d56-45b8-ad49-ebbaaa641d12}</UniqueIdentifier>
    </Filter>
    <Filter Include="Source\Resources">
      <UniqueIdentifier>{d44b3df8-91b7-446f-bb08-36224a15a064}</UniqueIdentifier>
    </Filter>
  </ItemGroup>
  <ItemGroup>
    <ClInclude Include="..\..\Dependencies\include\Leviathan\Application.h">
      <Filter>Source</Filter>
    </ClInclude>
    <ClInclude Include="..\..\Dependencies\include\Leviathan\Game.h">
      <Filter>Source</Filter>
    </ClInclude>
    <ClInclude Include="..\..\Dependencies\include\Leviathan\Window.h">
      <Filter>Source</Filter>
    </ClInclude>
    <ClInclude Include="..\..\Dependencies\include\Leviathan\GameObjects\GameObject.h">
      <Filter>Source\GameObjects</Filter>
    </ClInclude>
    <ClInclude Include="..\..\Dependencies\include\Leviathan\GameObjects\GameObjectManager.h">
      <Filter>Source\GameObjects</Filter>
    </ClInclude>
    <ClInclude Include="..\..\Dependencies\include\Leviathan\Config.h">
      <Filter>Source</Filter>
    </ClInclude>
    <ClInclude Include="..\..\Dependencies\include\Leviathan\GameStates\GameStateManager.h">
      <Filter>Source\GameStates</Filter>
    </ClInclude>
    <ClInclude Include="..\..\Dependencies\include\Leviathan\GameStates\IGameState.h">
      <Filter>Source\GameStates</Filter>
    </ClInclude>
    <ClInclude Include="..\..\Dependencies\include\Leviathan\GameObjects\Component.h">
      <Filter>Source\GameObjects</Filter>
    </ClInclude>
    <ClInclude Include="..\..\Dependencies\include\Leviathan\GameObjects\Transform.h">
      <Filter>Source\GameObjects</Filter>
    </ClInclude>
    <ClInclude Include="..\..\Dependencies\include\Leviathan\Singleton.h">
      <Filter>Source</Filter>
    </ClInclude>
  </ItemGroup>
  <ItemGroup>
    <ClCompile Include="Application.cpp">
      <Filter>Source</Filter>
    </ClCompile>
    <ClCompile Include="Window.cpp">
      <Filter>Source</Filter>
    </ClCompile>
    <ClCompile Include="GameObjects\GameObjectManager.cpp">
      <Filter>Source\GameObjects</Filter>
    </ClCompile>
    <ClCompile Include="Config.cpp">
      <Filter>Source</Filter>
    </ClCompile>
    <ClCompile Include="GameStates\GameStateManager.cpp">
      <Filter>Source\GameStates</Filter>
    </ClCompile>
    <ClCompile Include="GameObjects\GameObject.cpp">
      <Filter>Source\GameObjects</Filter>
    </ClCompile>
    <ClCompile Include="GameObjects\Transform.cpp">
      <Filter>Source\GameObjects</Filter>
    </ClCompile>
  </ItemGroup>
</Project>