<?xml version="1.0" encoding="utf-8"?>
<Project ToolsVersion="4.0" xmlns="http://schemas.microsoft.com/developer/msbuild/2003">
  <ItemGroup>
    <Filter Include="Source">
      <UniqueIdentifier>{44cb22bc-4b74-489b-b7b5-acd5edde8526}</UniqueIdentifier>
    </Filter>
    <Filter Include="Source\GameObjects">
      <UniqueIdentifier>{d1e8a0bc-29ef-44cd-b7ae-96b9034c7d34}</UniqueIdentifier>
    </Filter>
    <Filter Include="Source\GameStates">
      <UniqueIdentifier>{d7da4a52-3d56-45b8-ad49-ebbaaa641d12}</UniqueIdentifier>
    </Filter>
    <Filter Include="Source\Resources">
      <UniqueIdentifier>{d44b3df8-91b7-446f-bb08-36224a15a064}</UniqueIdentifier>
    </Filter>
    <Filter Include="Include">
      <UniqueIdentifier>{7897fc54-bc17-48bc-b2ca-901bece810b3}</UniqueIdentifier>
    </Filter>
    <Filter Include="Include\GameObjects">
      <UniqueIdentifier>{d009ccc9-0ba6-4118-83d1-3481358663ba}</UniqueIdentifier>
    </Filter>
    <Filter Include="Include\GameStates">
      <UniqueIdentifier>{85fcfc76-2dcd-447d-a5bf-afb7b04ff4d1}</UniqueIdentifier>
    </Filter>
    <Filter Include="Include\Resources">
      <UniqueIdentifier>{fa1b4dc0-8755-4ffa-ba5e-7b851ac98ae7}</UniqueIdentifier>
    </Filter>
    <Filter Include="Third Party">
      <UniqueIdentifier>{c91528e2-afef-479f-ad7d-0213ce3cfdf3}</UniqueIdentifier>
    </Filter>
    <Filter Include="Source\Third Party">
      <UniqueIdentifier>{2e295d45-8957-4f90-ae9e-e2540c186ba5}</UniqueIdentifier>
    </Filter>
    <Filter Include="Include\Physics">
      <UniqueIdentifier>{0ddbfd87-cbf2-4176-9916-da5de62ecaec}</UniqueIdentifier>
    </Filter>
    <Filter Include="Source\Physics">
      <UniqueIdentifier>{09fee0b7-d1f6-4d69-a6c0-769cc6a6e2b9}</UniqueIdentifier>
    </Filter>
  </ItemGroup>
  <ItemGroup>
    <ClInclude Include="..\..\Dependencies\include\Leviathan\GameObjects\Component.h">
      <Filter>Include\GameObjects</Filter>
    </ClInclude>
    <ClInclude Include="..\..\Dependencies\include\Leviathan\GameObjects\GameObject.h">
      <Filter>Include\GameObjects</Filter>
    </ClInclude>
    <ClInclude Include="..\..\Dependencies\include\Leviathan\GameObjects\GameObjectManager.h">
      <Filter>Include\GameObjects</Filter>
    </ClInclude>
    <ClInclude Include="..\..\Dependencies\include\Leviathan\GameObjects\TransformComponent.h">
      <Filter>Include\GameObjects</Filter>
    </ClInclude>
    <ClInclude Include="..\..\Dependencies\include\Leviathan\GameStates\GameStateManager.h">
      <Filter>Include\GameStates</Filter>
    </ClInclude>
    <ClInclude Include="..\..\Dependencies\include\Leviathan\GameStates\IGameState.h">
      <Filter>Include\GameStates</Filter>
    </ClInclude>
    <ClInclude Include="..\..\Dependencies\include\Leviathan\Resources\Resources.h">
      <Filter>Include\Resources</Filter>
    </ClInclude>
    <ClInclude Include="..\..\Dependencies\include\Leviathan\Application.h">
      <Filter>Include</Filter>
    </ClInclude>
    <ClInclude Include="..\..\Dependencies\include\Leviathan\Config.h">
      <Filter>Include</Filter>
    </ClInclude>
    <ClInclude Include="..\..\Dependencies\include\Leviathan\Game.h">
      <Filter>Include</Filter>
    </ClInclude>
    <ClInclude Include="..\..\Dependencies\include\Leviathan\Singleton.h">
      <Filter>Include</Filter>
    </ClInclude>
    <ClInclude Include="..\..\Dependencies\include\Leviathan\Window.h">
      <Filter>Include</Filter>
    </ClInclude>
    <ClInclude Include="..\..\Dependencies\include\Leviathan\Resources\Resource.h">
      <Filter>Include\Resources</Filter>
    </ClInclude>
    <ClInclude Include="..\..\Dependencies\include\Leviathan\Leviathan.h">
      <Filter>Include</Filter>
    </ClInclude>
    <ClInclude Include="..\..\Dependencies\include\Leviathan\Resources\TextureResource.h">
      <Filter>Include\Resources</Filter>
    </ClInclude>
    <ClInclude Include="..\..\Dependencies\include\Leviathan\ThirdParty\raygui.h">
      <Filter>Third Party</Filter>
    </ClInclude>
    <ClInclude Include="..\..\Dependencies\include\Leviathan\ThirdParty\pugiconfig.hpp">
      <Filter>Third Party</Filter>
    </ClInclude>
    <ClInclude Include="..\..\Dependencies\include\Leviathan\ThirdParty\pugixml.hpp">
      <Filter>Third Party</Filter>
    </ClInclude>
    <ClInclude Include="..\..\Dependencies\include\Leviathan\GameObjects\TextureComponent.h">
      <Filter>Include\GameObjects</Filter>
    </ClInclude>
    <ClInclude Include="..\..\Dependencies\include\Leviathan\Physics\Rigidbody.h">
      <Filter>Include\Physics</Filter>
    </ClInclude>
    <ClInclude Include="..\..\Dependencies\include\Leviathan\Physics\PhysicsManager.h">
      <Filter>Include\Physics</Filter>
    </ClInclude>
  </ItemGroup>
  <ItemGroup>
    <ClCompile Include="Application.cpp">
      <Filter>Source</Filter>
    </ClCompile>
    <ClCompile Include="Window.cpp">
      <Filter>Source</Filter>
    </ClCompile>
    <ClCompile Include="GameObjects\GameObjectManager.cpp">
      <Filter>Source\GameObjects</Filter>
    </ClCompile>
    <ClCompile Include="Config.cpp">
      <Filter>Source</Filter>
    </ClCompile>
    <ClCompile Include="GameStates\GameStateManager.cpp">
      <Filter>Source\GameStates</Filter>
    </ClCompile>
    <ClCompile Include="GameObjects\GameObject.cpp">
      <Filter>Source\GameObjects</Filter>
    </ClCompile>
    <ClCompile Include="GameObjects\TransformComponent.cpp">
      <Filter>Source\GameObjects</Filter>
    </ClCompile>
    <ClCompile Include="Resources\Resources.cpp">
      <Filter>Source\Resources</Filter>
    </ClCompile>
    <ClCompile Include="Resources\TextureResource.cpp">
      <Filter>Source\Resources</Filter>
    </ClCompile>
    <ClCompile Include="Third Party\pugixml.cpp">
      <Filter>Source\Third Party</Filter>
    </ClCompile>
    <ClCompile Include="GameObjects\TextureComponent.cpp">
      <Filter>Source\GameObjects</Filter>
    </ClCompile>
    <ClCompile Include="Physics\Rigidbody.cpp">
      <Filter>Source\Physics</Filter>
    </ClCompile>
    <ClCompile Include="Physics\PhysicsManager.cpp">
      <Filter>Source\Physics</Filter>
    </ClCompile>
  </ItemGroup>
  <ItemGroup>
    <None Include="packages.config" />
  </ItemGroup>
</Project>